
Microsoft Visual Studio Solution File, Format Version 12.00
# Visual Studio 15
VisualStudioVersion = 15.0.28010.2050
MinimumVisualStudioVersion = 10.0.40219.1
Project("{9A19103F-16F7-4668-BE54-9A1E7A4F7556}") = "01.SayHello", "01.SayHello\01.SayHello.csproj", "{EB7DC12F-06CC-411D-9DD4-F24891E6B9A7}"
EndProject
Project("{FAE04EC0-301F-11D3-BF4B-00C04F79EFBC}") = "02.GetLargestNumber", "02.GetLargestNumber\02.GetLargestNumber.csproj", "{A599E556-CDE9-4043-B063-506F51E83BA2}"
EndProject
Project("{FAE04EC0-301F-11D3-BF4B-00C04F79EFBC}") = "03.EnglishDigit", "03.EnglishDigit\03.EnglishDigit.csproj", "{E4CC233A-10DE-436C-B693-C8364745F4ED}"
EndProject
Project("{FAE04EC0-301F-11D3-BF4B-00C04F79EFBC}") = "04.AppearanceCount", "04.AppearanceCount\04.AppearanceCount.csproj", "{162FFCF8-A298-4065-9072-ACCF8183CDCC}"
EndProject
Project("{FAE04EC0-301F-11D3-BF4B-00C04F79EFBC}") = "05.LargerThanNeighbours", "05.LargerThanNeighbours\05.LargerThanNeighbours.csproj", "{8C39BDB4-2D91-4244-8B0A-31CDF04CA572}"
EndProject
Project("{FAE04EC0-301F-11D3-BF4B-00C04F79EFBC}") = "06.FirstLargerThanNeighbours", "06.FirstLargerThanNeighbours\06.FirstLargerThanNeighbours.csproj", "{337EE5E9-886D-4964-98EA-1B9DCBD23C94}"
EndProject
Project("{FAE04EC0-301F-11D3-BF4B-00C04F79EFBC}") = "07.ReverseNumber", "07.ReverseNumber\07.ReverseNumber.csproj", "{F9C3A354-C800-4B8E-A16F-116B74485839}"
EndProject
Project("{FAE04EC0-301F-11D3-BF4B-00C04F79EFBC}") = "08.NumberAsArray", "08.NumberAsArray\08.NumberAsArray.csproj", "{0567397B-5532-4DF6-A8E7-DDD70FF942FD}"
EndProject
Global
	GlobalSection(SolutionConfigurationPlatforms) = preSolution
		Debug|Any CPU = Debug|Any CPU
		Release|Any CPU = Release|Any CPU
	EndGlobalSection
	GlobalSection(ProjectConfigurationPlatforms) = postSolution
		{EB7DC12F-06CC-411D-9DD4-F24891E6B9A7}.Debug|Any CPU.ActiveCfg = Debug|Any CPU
		{EB7DC12F-06CC-411D-9DD4-F24891E6B9A7}.Debug|Any CPU.Build.0 = Debug|Any CPU
		{EB7DC12F-06CC-411D-9DD4-F24891E6B9A7}.Release|Any CPU.ActiveCfg = Release|Any CPU
		{EB7DC12F-06CC-411D-9DD4-F24891E6B9A7}.Release|Any CPU.Build.0 = Release|Any CPU
		{A599E556-CDE9-4043-B063-506F51E83BA2}.Debug|Any CPU.ActiveCfg = Debug|Any CPU
		{A599E556-CDE9-4043-B063-506F51E83BA2}.Debug|Any CPU.Build.0 = Debug|Any CPU
		{A599E556-CDE9-4043-B063-506F51E83BA2}.Release|Any CPU.ActiveCfg = Release|Any CPU
		{A599E556-CDE9-4043-B063-506F51E83BA2}.Release|Any CPU.Build.0 = Release|Any CPU
		{E4CC233A-10DE-436C-B693-C8364745F4ED}.Debug|Any CPU.ActiveCfg = Debug|Any CPU
		{E4CC233A-10DE-436C-B693-C8364745F4ED}.Debug|Any CPU.Build.0 = Debug|Any CPU
		{E4CC233A-10DE-436C-B693-C8364745F4ED}.Release|Any CPU.ActiveCfg = Release|Any CPU
		{E4CC233A-10DE-436C-B693-C8364745F4ED}.Release|Any CPU.Build.0 = Release|Any CPU
		{162FFCF8-A298-4065-9072-ACCF8183CDCC}.Debug|Any CPU.ActiveCfg = Debug|Any CPU
		{162FFCF8-A298-4065-9072-ACCF8183CDCC}.Debug|Any CPU.Build.0 = Debug|Any CPU
		{162FFCF8-A298-4065-9072-ACCF8183CDCC}.Release|Any CPU.ActiveCfg = Release|Any CPU
		{162FFCF8-A298-4065-9072-ACCF8183CDCC}.Release|Any CPU.Build.0 = Release|Any CPU
		{8C39BDB4-2D91-4244-8B0A-31CDF04CA572}.Debug|Any CPU.ActiveCfg = Debug|Any CPU
		{8C39BDB4-2D91-4244-8B0A-31CDF04CA572}.Debug|Any CPU.Build.0 = Debug|Any CPU
		{8C39BDB4-2D91-4244-8B0A-31CDF04CA572}.Release|Any CPU.ActiveCfg = Release|Any CPU
		{8C39BDB4-2D91-4244-8B0A-31CDF04CA572}.Release|Any CPU.Build.0 = Release|Any CPU
		{337EE5E9-886D-4964-98EA-1B9DCBD23C94}.Debug|Any CPU.ActiveCfg = Debug|Any CPU
		{337EE5E9-886D-4964-98EA-1B9DCBD23C94}.Debug|Any CPU.Build.0 = Debug|Any CPU
		{337EE5E9-886D-4964-98EA-1B9DCBD23C94}.Release|Any CPU.ActiveCfg = Release|Any CPU
		{337EE5E9-886D-4964-98EA-1B9DCBD23C94}.Release|Any CPU.Build.0 = Release|Any CPU
		{F9C3A354-C800-4B8E-A16F-116B74485839}.Debug|Any CPU.ActiveCfg = Debug|Any CPU
		{F9C3A354-C800-4B8E-A16F-116B74485839}.Debug|Any CPU.Build.0 = Debug|Any CPU
		{F9C3A354-C800-4B8E-A16F-116B74485839}.Release|Any CPU.ActiveCfg = Release|Any CPU
		{F9C3A354-C800-4B8E-A16F-116B74485839}.Release|Any CPU.Build.0 = Release|Any CPU
		{0567397B-5532-4DF6-A8E7-DDD70FF942FD}.Debug|Any CPU.ActiveCfg = Debug|Any CPU
		{0567397B-5532-4DF6-A8E7-DDD70FF942FD}.Debug|Any CPU.Build.0 = Debug|Any CPU
		{0567397B-5532-4DF6-A8E7-DDD70FF942FD}.Release|Any CPU.ActiveCfg = Release|Any CPU
		{0567397B-5532-4DF6-A8E7-DDD70FF942FD}.Release|Any CPU.Build.0 = Release|Any CPU
	EndGlobalSection
	GlobalSection(SolutionProperties) = preSolution
		HideSolutionNode = FALSE
	EndGlobalSection
	GlobalSection(ExtensibilityGlobals) = postSolution
		SolutionGuid = {465C5A99-EA0D-4F29-A17A-72AFF2D06864}
	EndGlobalSection
EndGlobal
