
Microsoft Visual Studio Solution File, Format Version 12.00
# Visual Studio 15
VisualStudioVersion = 15.0.28010.2050
MinimumVisualStudioVersion = 10.0.40219.1
Project("{FAE04EC0-301F-11D3-BF4B-00C04F79EFBC}") = "TribonacciTriangle", "TribonacciTriangle\TribonacciTriangle.csproj", "{6EB61DA0-E28D-411F-9BE5-3F8B5168F5B2}"
EndProject
Project("{FAE04EC0-301F-11D3-BF4B-00C04F79EFBC}") = "SubsetOfSumS", "SubsetOfSumS\SubsetOfSumS.csproj", "{B5106D62-3686-43FF-B94A-8664EA551EB2}"
EndProject
Global
	GlobalSection(SolutionConfigurationPlatforms) = preSolution
		Debug|Any CPU = Debug|Any CPU
		Release|Any CPU = Release|Any CPU
	EndGlobalSection
	GlobalSection(ProjectConfigurationPlatforms) = postSolution
		{6EB61DA0-E28D-411F-9BE5-3F8B5168F5B2}.Debug|Any CPU.ActiveCfg = Debug|Any CPU
		{6EB61DA0-E28D-411F-9BE5-3F8B5168F5B2}.Debug|Any CPU.Build.0 = Debug|Any CPU
		{6EB61DA0-E28D-411F-9BE5-3F8B5168F5B2}.Release|Any CPU.ActiveCfg = Release|Any CPU
		{6EB61DA0-E28D-411F-9BE5-3F8B5168F5B2}.Release|Any CPU.Build.0 = Release|Any CPU
		{B5106D62-3686-43FF-B94A-8664EA551EB2}.Debug|Any CPU.ActiveCfg = Debug|Any CPU
		{B5106D62-3686-43FF-B94A-8664EA551EB2}.Debug|Any CPU.Build.0 = Debug|Any CPU
		{B5106D62-3686-43FF-B94A-8664EA551EB2}.Release|Any CPU.ActiveCfg = Release|Any CPU
		{B5106D62-3686-43FF-B94A-8664EA551EB2}.Release|Any CPU.Build.0 = Release|Any CPU
	EndGlobalSection
	GlobalSection(SolutionProperties) = preSolution
		HideSolutionNode = FALSE
	EndGlobalSection
	GlobalSection(ExtensibilityGlobals) = postSolution
		SolutionGuid = {294B8F7C-3068-4E22-B7A2-F5CA298B25B1}
	EndGlobalSection
EndGlobal
