
Microsoft Visual Studio Solution File, Format Version 12.00
# Visual Studio 15
VisualStudioVersion = 15.0.28010.2050
MinimumVisualStudioVersion = 10.0.40219.1
Project("{FAE04EC0-301F-11D3-BF4B-00C04F79EFBC}") = "04.LargestAreaInMatrix", "04.LargestAreaInMatrix\04.LargestAreaInMatrix.csproj", "{BD97CD57-1A74-49EB-883D-0F54A05A9197}"
EndProject
Project("{FAE04EC0-301F-11D3-BF4B-00C04F79EFBC}") = "02.MaximalSum", "02.MaximalSum\02.MaximalSum.csproj", "{D5AFDD53-BC16-4A15-9BDE-6D86C77568CA}"
EndProject
Project("{FAE04EC0-301F-11D3-BF4B-00C04F79EFBC}") = "03.SequenceInMatrix", "03.SequenceInMatrix\03.SequenceInMatrix.csproj", "{22E0F084-49CC-43A8-B632-AE949163FA3C}"
EndProject
Global
	GlobalSection(SolutionConfigurationPlatforms) = preSolution
		Debug|Any CPU = Debug|Any CPU
		Release|Any CPU = Release|Any CPU
	EndGlobalSection
	GlobalSection(ProjectConfigurationPlatforms) = postSolution
		{BD97CD57-1A74-49EB-883D-0F54A05A9197}.Debug|Any CPU.ActiveCfg = Debug|Any CPU
		{BD97CD57-1A74-49EB-883D-0F54A05A9197}.Debug|Any CPU.Build.0 = Debug|Any CPU
		{BD97CD57-1A74-49EB-883D-0F54A05A9197}.Release|Any CPU.ActiveCfg = Release|Any CPU
		{BD97CD57-1A74-49EB-883D-0F54A05A9197}.Release|Any CPU.Build.0 = Release|Any CPU
		{D5AFDD53-BC16-4A15-9BDE-6D86C77568CA}.Debug|Any CPU.ActiveCfg = Debug|Any CPU
		{D5AFDD53-BC16-4A15-9BDE-6D86C77568CA}.Debug|Any CPU.Build.0 = Debug|Any CPU
		{D5AFDD53-BC16-4A15-9BDE-6D86C77568CA}.Release|Any CPU.ActiveCfg = Release|Any CPU
		{D5AFDD53-BC16-4A15-9BDE-6D86C77568CA}.Release|Any CPU.Build.0 = Release|Any CPU
		{22E0F084-49CC-43A8-B632-AE949163FA3C}.Debug|Any CPU.ActiveCfg = Debug|Any CPU
		{22E0F084-49CC-43A8-B632-AE949163FA3C}.Debug|Any CPU.Build.0 = Debug|Any CPU
		{22E0F084-49CC-43A8-B632-AE949163FA3C}.Release|Any CPU.ActiveCfg = Release|Any CPU
		{22E0F084-49CC-43A8-B632-AE949163FA3C}.Release|Any CPU.Build.0 = Release|Any CPU
	EndGlobalSection
	GlobalSection(SolutionProperties) = preSolution
		HideSolutionNode = FALSE
	EndGlobalSection
	GlobalSection(ExtensibilityGlobals) = postSolution
		SolutionGuid = {524B8FE3-45D0-4554-AEF5-C589827DEADF}
	EndGlobalSection
EndGlobal
