
Microsoft Visual Studio Solution File, Format Version 12.00
# Visual Studio 15
VisualStudioVersion = 15.0.28010.2050
MinimumVisualStudioVersion = 10.0.40219.1
Project("{9A19103F-16F7-4668-BE54-9A1E7A4F7556}") = "LongestSequenceOfEqual", "LongestSequenceOfEqual\LongestSequenceOfEqual.csproj", "{FDB27DAE-17A1-447F-B295-17372227FBBF}"
EndProject
Project("{9A19103F-16F7-4668-BE54-9A1E7A4F7556}") = "BitShiftMatrix", "BitShiftMatrix\BitShiftMatrix.csproj", "{C751BC26-E0C3-4DAA-8171-63F306E1F2B7}"
EndProject
Project("{FAE04EC0-301F-11D3-BF4B-00C04F79EFBC}") = "SpiralMatrix", "SpiralMatrix\SpiralMatrix.csproj", "{11AB677C-6F80-4F08-978A-450AE59D02ED}"
EndProject
Global
	GlobalSection(SolutionConfigurationPlatforms) = preSolution
		Debug|Any CPU = Debug|Any CPU
		Release|Any CPU = Release|Any CPU
	EndGlobalSection
	GlobalSection(ProjectConfigurationPlatforms) = postSolution
		{FDB27DAE-17A1-447F-B295-17372227FBBF}.Debug|Any CPU.ActiveCfg = Debug|Any CPU
		{FDB27DAE-17A1-447F-B295-17372227FBBF}.Debug|Any CPU.Build.0 = Debug|Any CPU
		{FDB27DAE-17A1-447F-B295-17372227FBBF}.Release|Any CPU.ActiveCfg = Release|Any CPU
		{FDB27DAE-17A1-447F-B295-17372227FBBF}.Release|Any CPU.Build.0 = Release|Any CPU
		{C751BC26-E0C3-4DAA-8171-63F306E1F2B7}.Debug|Any CPU.ActiveCfg = Debug|Any CPU
		{C751BC26-E0C3-4DAA-8171-63F306E1F2B7}.Debug|Any CPU.Build.0 = Debug|Any CPU
		{C751BC26-E0C3-4DAA-8171-63F306E1F2B7}.Release|Any CPU.ActiveCfg = Release|Any CPU
		{C751BC26-E0C3-4DAA-8171-63F306E1F2B7}.Release|Any CPU.Build.0 = Release|Any CPU
		{11AB677C-6F80-4F08-978A-450AE59D02ED}.Debug|Any CPU.ActiveCfg = Debug|Any CPU
		{11AB677C-6F80-4F08-978A-450AE59D02ED}.Debug|Any CPU.Build.0 = Debug|Any CPU
		{11AB677C-6F80-4F08-978A-450AE59D02ED}.Release|Any CPU.ActiveCfg = Release|Any CPU
		{11AB677C-6F80-4F08-978A-450AE59D02ED}.Release|Any CPU.Build.0 = Release|Any CPU
	EndGlobalSection
	GlobalSection(SolutionProperties) = preSolution
		HideSolutionNode = FALSE
	EndGlobalSection
	GlobalSection(ExtensibilityGlobals) = postSolution
		SolutionGuid = {6C5EB2A2-6636-4CA5-A485-A9EC3FB40088}
	EndGlobalSection
EndGlobal
